
Microsoft Visual Studio Solution File, Format Version 12.00
# Visual Studio Version 16
VisualStudioVersion = 16.0.30204.135
MinimumVisualStudioVersion = 10.0.40219.1
Project("{FAE04EC0-301F-11D3-BF4B-00C04F79EFBC}") = "Assignment2", "Assignment2\Assignment2.csproj", "{B2D7DB3C-DDA3-4EC0-BF1C-9777CAFECE52}"
EndProject
Global
	GlobalSection(SolutionConfigurationPlatforms) = preSolution
		Debug|Any CPU = Debug|Any CPU
		Release|Any CPU = Release|Any CPU
	EndGlobalSection
	GlobalSection(ProjectConfigurationPlatforms) = postSolution
		{B2D7DB3C-DDA3-4EC0-BF1C-9777CAFECE52}.Debug|Any CPU.ActiveCfg = Debug|Any CPU
		{B2D7DB3C-DDA3-4EC0-BF1C-9777CAFECE52}.Debug|Any CPU.Build.0 = Debug|Any CPU
		{B2D7DB3C-DDA3-4EC0-BF1C-9777CAFECE52}.Release|Any CPU.ActiveCfg = Release|Any CPU
		{B2D7DB3C-DDA3-4EC0-BF1C-9777CAFECE52}.Release|Any CPU.Build.0 = Release|Any CPU
	EndGlobalSection
	GlobalSection(SolutionProperties) = preSolution
		HideSolutionNode = FALSE
	EndGlobalSection
	GlobalSection(ExtensibilityGlobals) = postSolution
		SolutionGuid = {BFAD5725-C5A3-4761-AC88-C936CA838869}
	EndGlobalSection
EndGlobal
